{
  "originHash" : "f46208d793d846059b3477dd5967316c146aec1c099496e7047d36f9fbb00f71",
  "pins" : [
    {
      "identity" : "swift-compositional-init",
      "kind" : "remoteSourceControl",
      "location" : "https://github.com/gistya/swift-compositional-init",
      "state" : {
        "revision" : "2633ee5b9837df48031714e41912d8ca77183f18",
        "version" : "1.0.0"
      }
    }
  ],
  "version" : 3
}
