{
  "originHash" : "9030a94588e1a6bb05dfd33a0ff8f14b079a01b7b50dfd1015848c9b7e804fd0",
  "pins" : [
    {
      "identity" : "matrix-swift",
      "kind" : "remoteSourceControl",
      "location" : "https://github.com/mana-am/matrix-swift",
      "state" : {
        "revision" : "ab2a0d8edfef395ccf0fce4dc7594310eba6ea30",
        "version" : "0.1.1"
      }
    },
    {
      "identity" : "ox0badf00d",
      "kind" : "remoteSourceControl",
      "location" : "https://github.com/gistya/Ox0badf00d",
      "state" : {
        "revision" : "227de8114b01f30a2f742249fe0a8de6e82cd7c0",
        "version" : "0.9.5"
      }
    },
    {
      "identity" : "swift-compositional-init",
      "kind" : "remoteSourceControl",
      "location" : "https://github.com/gistya/swift-compositional-init",
      "state" : {
        "revision" : "46115c8285305135cb288a1bf05b9f69297bc619",
        "version" : "1.1.2"
      }
    },
    {
      "identity" : "swift-repo-core",
      "kind" : "remoteSourceControl",
      "location" : "https://github.com/gistya/swift-repo-core",
      "state" : {
        "revision" : "8a37b94d08367e002a2f7e54243801d8040c50ce",
        "version" : "1.0.6"
      }
    },
    {
      "identity" : "swiftxstate",
      "kind" : "remoteSourceControl",
      "location" : "https://github.com/gistya/SwiftXState",
      "state" : {
        "revision" : "4a3be23f28e5fac4a415f8c1b2fd9ba8608a2575",
        "version" : "2.0.0-alpha.6"
      }
    }
  ],
  "version" : 3
}
