{
  "originHash" : "215d99e38cb6066c1d899cf3928467f1556385a4c5a1e4a7681445d468c85b72",
  "pins" : [
    {
      "identity" : "swift-compositional-init",
      "kind" : "remoteSourceControl",
      "location" : "https://github.com/gistya/swift-compositional-init",
      "state" : {
        "revision" : "2633ee5b9837df48031714e41912d8ca77183f18",
        "version" : "1.0.0"
      }
    }
  ],
  "version" : 3
}
