{
  "originHash" : "403e5e219ef27a364f0ba7754f5456939a953c857e4b20a5611b24af4296164c",
  "pins" : [
    {
      "identity" : "matrix-swift",
      "kind" : "remoteSourceControl",
      "location" : "https://github.com/mana-am/matrix-swift",
      "state" : {
        "revision" : "ab2a0d8edfef395ccf0fce4dc7594310eba6ea30",
        "version" : "0.1.1"
      }
    },
    {
      "identity" : "ox0badf00d",
      "kind" : "remoteSourceControl",
      "location" : "https://github.com/gistya/Ox0badf00d",
      "state" : {
        "revision" : "e630d964e51e19dc53dda94fe89822caa342f669",
        "version" : "0.9.3"
      }
    },
    {
      "identity" : "swift-compositional-init",
      "kind" : "remoteSourceControl",
      "location" : "https://github.com/gistya/swift-compositional-init",
      "state" : {
        "revision" : "46115c8285305135cb288a1bf05b9f69297bc619",
        "version" : "1.1.2"
      }
    },
    {
      "identity" : "swift-repo-core",
      "kind" : "remoteSourceControl",
      "location" : "https://github.com/gistya/swift-repo-core",
      "state" : {
        "revision" : "e762abd61971db6b351f2fb6b991c9b6da669bfe",
        "version" : "1.0.1"
      }
    },
    {
      "identity" : "swiftxstate",
      "kind" : "remoteSourceControl",
      "location" : "https://github.com/gistya/SwiftXState",
      "state" : {
        "revision" : "09303133702673c842bc07144362313d9d5d5071",
        "version" : "2.0.0-alpha-4"
      }
    }
  ],
  "version" : 3
}
