{
  "originHash" : "34ff2d835276f1a38fa0591fca132af844541b9e8b0ffae8bc7ed41322f664b6",
  "pins" : [
    {
      "identity" : "matrix-swift",
      "kind" : "remoteSourceControl",
      "location" : "https://github.com/gistya/matrix-swift",
      "state" : {
        "revision" : "874797bb39aa4c0b6e94b5e71d2e70fae8f72258"
      }
    },
    {
      "identity" : "ox0badf00d",
      "kind" : "remoteSourceControl",
      "location" : "https://github.com/gistya/Ox0badf00d",
      "state" : {
        "revision" : "e630d964e51e19dc53dda94fe89822caa342f669",
        "version" : "0.9.3"
      }
    },
    {
      "identity" : "swift-compositional-init",
      "kind" : "remoteSourceControl",
      "location" : "https://github.com/gistya/swift-compositional-init",
      "state" : {
        "revision" : "46115c8285305135cb288a1bf05b9f69297bc619",
        "version" : "1.1.2"
      }
    },
    {
      "identity" : "swiftxstate",
      "kind" : "remoteSourceControl",
      "location" : "https://github.com/gistya/SwiftXState/",
      "state" : {
        "revision" : "09303133702673c842bc07144362313d9d5d5071",
        "version" : "2.0.0-alpha-4"
      }
    }
  ],
  "version" : 3
}
