{
  "originHash" : "37a9d7ea30c957d177d3270f0ecd230a53650549154ca536cb2c673b4efe69d0",
  "pins" : [
    {
      "identity" : "friday-the-thirteenth",
      "kind" : "remoteSourceControl",
      "location" : "https://github.com/gistya/friday-the-thirteenth",
      "state" : {
        "revision" : "8c74b2aae86b44a854deda408bf1b059dcfad157",
        "version" : "1.1.0"
      }
    },
    {
      "identity" : "matrix-swift",
      "kind" : "remoteSourceControl",
      "location" : "https://github.com/mana-am/matrix-swift",
      "state" : {
        "revision" : "ab2a0d8edfef395ccf0fce4dc7594310eba6ea30",
        "version" : "0.1.1"
      }
    },
    {
      "identity" : "ox0badf00d",
      "kind" : "remoteSourceControl",
      "location" : "https://github.com/gistya/Ox0badf00d",
      "state" : {
        "revision" : "227de8114b01f30a2f742249fe0a8de6e82cd7c0",
        "version" : "0.9.5"
      }
    },
    {
      "identity" : "swift-compositional-init",
      "kind" : "remoteSourceControl",
      "location" : "https://github.com/gistya/swift-compositional-init",
      "state" : {
        "revision" : "46115c8285305135cb288a1bf05b9f69297bc619",
        "version" : "1.1.2"
      }
    },
    {
      "identity" : "swift-repo-core",
      "kind" : "remoteSourceControl",
      "location" : "https://github.com/gistya/swift-repo-core",
      "state" : {
        "branch" : "main",
        "revision" : "0399fc547492d0dfa63bde4bb79886a0b47df422"
      }
    },
    {
      "identity" : "swiftxstate",
      "kind" : "remoteSourceControl",
      "location" : "https://github.com/gistya/SwiftXState",
      "state" : {
        "revision" : "b5268a3540e8da85ebf1155143417140b09b4af2",
        "version" : "2.0.0-alpha.7"
      }
    }
  ],
  "version" : 3
}
